{
  "object": {
    "pins": [
      {
        "package": "UIExtensions",
        "repositoryURL": "https://github.com/horizontalsystems/UIExtensions.git",
        "state": {
          "branch": null,
          "revision": "58e8c832bd439fca32716b80b489ec7cea07740b",
          "version": "1.1.2"
        }
      }
    ]
  },
  "version": 1
}
